
Microsoft Visual Studio Solution File, Format Version 12.00
# Visual Studio Version 16
VisualStudioVersion = 16.0.31205.134
MinimumVisualStudioVersion = 10.0.40219.1
Project("{9A19103F-16F7-4668-BE54-9A1E7A4F7556}") = "ByteTilesReaderWriter", "ByteTilesReaderWriter\ByteTilesReaderWriter.csproj", "{1757019C-8BCF-4D6F-B3EC-74A6BED90086}"
EndProject
Project("{9A19103F-16F7-4668-BE54-9A1E7A4F7556}") = "ByteTilesReaderWriter_Test", "ByteTilesReaderWriter_Test\ByteTilesReaderWriter_Test.csproj", "{661143BC-0EC8-4165-93E8-BB5930D08EDC}"
EndProject
Project("{9A19103F-16F7-4668-BE54-9A1E7A4F7556}") = "SimpleByteTilesServer", "SimpleByteTilesServer\SimpleByteTilesServer.csproj", "{CD7C9064-97E8-4242-8B86-B887FD21F6FE}"
EndProject
Project("{2150E333-8FDC-42A3-9474-1A3956D46DE8}") = "Solution Items", "Solution Items", "{E80358BA-D0D5-4B93-924F-90D143D742A6}"
	ProjectSection(SolutionItems) = preProject
		LICENSE.txt = LICENSE.txt
		README.md = README.md
	EndProjectSection
EndProject
Project("{2150E333-8FDC-42A3-9474-1A3956D46DE8}") = "ByteTilesSpect", "ByteTilesSpect", "{D8163B6A-A686-4C4C-A586-9D26039F660A}"
EndProject
Project("{2150E333-8FDC-42A3-9474-1A3956D46DE8}") = "ByteTilesLogo", "ByteTilesLogo", "{0B8EBCFA-91EF-4DF3-A7F6-860B937C6A45}"
	ProjectSection(SolutionItems) = preProject
		ByteTilesLogo\logo.svg = ByteTilesLogo\logo.svg
		ByteTilesLogo\logo_large.png = ByteTilesLogo\logo_large.png
		ByteTilesLogo\logo_small.png = ByteTilesLogo\logo_small.png
		ByteTilesLogo\logo_small_icon_only.png = ByteTilesLogo\logo_small_icon_only.png
		ByteTilesLogo\logo_small_icon_only_inverted.png = ByteTilesLogo\logo_small_icon_only_inverted.png
		ByteTilesLogo\logo_white_large.png = ByteTilesLogo\logo_white_large.png
	EndProjectSection
EndProject
Project("{2150E333-8FDC-42A3-9474-1A3956D46DE8}") = "1.0", "1.0", "{CE48E091-F704-4CBA-888C-A4B4CA550D17}"
	ProjectSection(SolutionItems) = preProject
		ByteTilesSpect\1.0\spec.md = ByteTilesSpect\1.0\spec.md
	EndProjectSection
EndProject
Global
	GlobalSection(SolutionConfigurationPlatforms) = preSolution
		Debug|Any CPU = Debug|Any CPU
		Release|Any CPU = Release|Any CPU
	EndGlobalSection
	GlobalSection(ProjectConfigurationPlatforms) = postSolution
		{1757019C-8BCF-4D6F-B3EC-74A6BED90086}.Debug|Any CPU.ActiveCfg = Debug|Any CPU
		{1757019C-8BCF-4D6F-B3EC-74A6BED90086}.Debug|Any CPU.Build.0 = Debug|Any CPU
		{1757019C-8BCF-4D6F-B3EC-74A6BED90086}.Release|Any CPU.ActiveCfg = Release|Any CPU
		{1757019C-8BCF-4D6F-B3EC-74A6BED90086}.Release|Any CPU.Build.0 = Release|Any CPU
		{661143BC-0EC8-4165-93E8-BB5930D08EDC}.Debug|Any CPU.ActiveCfg = Debug|Any CPU
		{661143BC-0EC8-4165-93E8-BB5930D08EDC}.Debug|Any CPU.Build.0 = Debug|Any CPU
		{661143BC-0EC8-4165-93E8-BB5930D08EDC}.Release|Any CPU.ActiveCfg = Release|Any CPU
		{661143BC-0EC8-4165-93E8-BB5930D08EDC}.Release|Any CPU.Build.0 = Release|Any CPU
		{CD7C9064-97E8-4242-8B86-B887FD21F6FE}.Debug|Any CPU.ActiveCfg = Debug|Any CPU
		{CD7C9064-97E8-4242-8B86-B887FD21F6FE}.Debug|Any CPU.Build.0 = Debug|Any CPU
		{CD7C9064-97E8-4242-8B86-B887FD21F6FE}.Release|Any CPU.ActiveCfg = Release|Any CPU
		{CD7C9064-97E8-4242-8B86-B887FD21F6FE}.Release|Any CPU.Build.0 = Release|Any CPU
	EndGlobalSection
	GlobalSection(SolutionProperties) = preSolution
		HideSolutionNode = FALSE
	EndGlobalSection
	GlobalSection(NestedProjects) = preSolution
		{D8163B6A-A686-4C4C-A586-9D26039F660A} = {E80358BA-D0D5-4B93-924F-90D143D742A6}
		{0B8EBCFA-91EF-4DF3-A7F6-860B937C6A45} = {E80358BA-D0D5-4B93-924F-90D143D742A6}
		{CE48E091-F704-4CBA-888C-A4B4CA550D17} = {D8163B6A-A686-4C4C-A586-9D26039F660A}
	EndGlobalSection
	GlobalSection(ExtensibilityGlobals) = postSolution
		SolutionGuid = {E02C4F75-421F-4B4A-8E7E-F616D29F9EAD}
	EndGlobalSection
EndGlobal
