
Microsoft Visual Studio Solution File, Format Version 12.00
# Visual Studio Version 16
VisualStudioVersion = 16.0.31205.134
MinimumVisualStudioVersion = 10.0.40219.1
Project("{FAE04EC0-301F-11D3-BF4B-00C04F79EFBC}") = "ByteTilesReaderWriter", "ByteTilesReaderWriter\ByteTilesReaderWriter.csproj", "{1757019C-8BCF-4D6F-B3EC-74A6BED90086}"
EndProject
Project("{FAE04EC0-301F-11D3-BF4B-00C04F79EFBC}") = "ByteTilesReaderWriter_Test", "ByteTilesReaderWriter_Test\ByteTilesReaderWriter_Test.csproj", "{661143BC-0EC8-4165-93E8-BB5930D08EDC}"
EndProject
Global
	GlobalSection(SolutionConfigurationPlatforms) = preSolution
		Debug|Any CPU = Debug|Any CPU
		Release|Any CPU = Release|Any CPU
	EndGlobalSection
	GlobalSection(ProjectConfigurationPlatforms) = postSolution
		{1757019C-8BCF-4D6F-B3EC-74A6BED90086}.Debug|Any CPU.ActiveCfg = Debug|Any CPU
		{1757019C-8BCF-4D6F-B3EC-74A6BED90086}.Debug|Any CPU.Build.0 = Debug|Any CPU
		{1757019C-8BCF-4D6F-B3EC-74A6BED90086}.Release|Any CPU.ActiveCfg = Release|Any CPU
		{1757019C-8BCF-4D6F-B3EC-74A6BED90086}.Release|Any CPU.Build.0 = Release|Any CPU
		{661143BC-0EC8-4165-93E8-BB5930D08EDC}.Debug|Any CPU.ActiveCfg = Debug|Any CPU
		{661143BC-0EC8-4165-93E8-BB5930D08EDC}.Debug|Any CPU.Build.0 = Debug|Any CPU
		{661143BC-0EC8-4165-93E8-BB5930D08EDC}.Release|Any CPU.ActiveCfg = Release|Any CPU
		{661143BC-0EC8-4165-93E8-BB5930D08EDC}.Release|Any CPU.Build.0 = Release|Any CPU
	EndGlobalSection
	GlobalSection(SolutionProperties) = preSolution
		HideSolutionNode = FALSE
	EndGlobalSection
	GlobalSection(ExtensibilityGlobals) = postSolution
		SolutionGuid = {E02C4F75-421F-4B4A-8E7E-F616D29F9EAD}
	EndGlobalSection
EndGlobal
